
Microsoft Visual Studio Solution File, Format Version 12.00
# Visual Studio Version 17
VisualStudioVersion = 17.3.32929.385
MinimumVisualStudioVersion = 10.0.40219.1
Project("{9A19103F-16F7-4668-BE54-9A1E7A4F7556}") = "NetworkController", "NetworkController\NetworkController.csproj", "{997DE7CB-9453-4899-8F47-DD7403F7C9BB}"
EndProject
Project("{FAE04EC0-301F-11D3-BF4B-00C04F79EFBC}") = "NetworkTests", "NetworkTests\NetworkTests.csproj", "{0CAA56C2-EDB9-4B0C-88DF-E3E2C07F8B82}"
EndProject
Project("{FAE04EC0-301F-11D3-BF4B-00C04F79EFBC}") = "NetworkTestHelper", "NetworkTestHelper\NetworkTestHelper.csproj", "{728F9196-F7E7-4F38-8EEF-07D91B709BA5}"
EndProject
Global
	GlobalSection(SolutionConfigurationPlatforms) = preSolution
		Debug|Any CPU = Debug|Any CPU
		Release|Any CPU = Release|Any CPU
	EndGlobalSection
	GlobalSection(ProjectConfigurationPlatforms) = postSolution
		{997DE7CB-9453-4899-8F47-DD7403F7C9BB}.Debug|Any CPU.ActiveCfg = Debug|Any CPU
		{997DE7CB-9453-4899-8F47-DD7403F7C9BB}.Debug|Any CPU.Build.0 = Debug|Any CPU
		{997DE7CB-9453-4899-8F47-DD7403F7C9BB}.Release|Any CPU.ActiveCfg = Release|Any CPU
		{997DE7CB-9453-4899-8F47-DD7403F7C9BB}.Release|Any CPU.Build.0 = Release|Any CPU
		{0CAA56C2-EDB9-4B0C-88DF-E3E2C07F8B82}.Debug|Any CPU.ActiveCfg = Debug|Any CPU
		{0CAA56C2-EDB9-4B0C-88DF-E3E2C07F8B82}.Debug|Any CPU.Build.0 = Debug|Any CPU
		{0CAA56C2-EDB9-4B0C-88DF-E3E2C07F8B82}.Release|Any CPU.ActiveCfg = Release|Any CPU
		{0CAA56C2-EDB9-4B0C-88DF-E3E2C07F8B82}.Release|Any CPU.Build.0 = Release|Any CPU
		{728F9196-F7E7-4F38-8EEF-07D91B709BA5}.Debug|Any CPU.ActiveCfg = Debug|Any CPU
		{728F9196-F7E7-4F38-8EEF-07D91B709BA5}.Debug|Any CPU.Build.0 = Debug|Any CPU
		{728F9196-F7E7-4F38-8EEF-07D91B709BA5}.Release|Any CPU.ActiveCfg = Release|Any CPU
		{728F9196-F7E7-4F38-8EEF-07D91B709BA5}.Release|Any CPU.Build.0 = Release|Any CPU
	EndGlobalSection
	GlobalSection(SolutionProperties) = preSolution
		HideSolutionNode = FALSE
	EndGlobalSection
	GlobalSection(ExtensibilityGlobals) = postSolution
		SolutionGuid = {7C12D2F5-61E2-4096-9D4A-B1937A2882EF}
	EndGlobalSection
EndGlobal
